
Microsoft Visual Studio Solution File, Format Version 12.00
# Visual Studio Version 17
VisualStudioVersion = 17.9.34728.123
MinimumVisualStudioVersion = 10.0.40219.1
Project("{FAE04EC0-301F-11D3-BF4B-00C04F79EFBC}") = "Server", "Server\Server.csproj", "{27269678-CD2E-48DF-8A4C-765A2BFAD90C}"
EndProject
Project("{FAE04EC0-301F-11D3-BF4B-00C04F79EFBC}") = "Client", "Client\Client.csproj", "{D3917D1D-1359-4F54-9988-14117200639E}"
EndProject
Project("{FAE04EC0-301F-11D3-BF4B-00C04F79EFBC}") = "Common", "Common\Common.csproj", "{6C303FED-B89D-4EB6-B443-72E5D1CCE9CD}"
EndProject
Global
	GlobalSection(SolutionConfigurationPlatforms) = preSolution
		Debug|Any CPU = Debug|Any CPU
		Release|Any CPU = Release|Any CPU
	EndGlobalSection
	GlobalSection(ProjectConfigurationPlatforms) = postSolution
		{27269678-CD2E-48DF-8A4C-765A2BFAD90C}.Debug|Any CPU.ActiveCfg = Debug|Any CPU
		{27269678-CD2E-48DF-8A4C-765A2BFAD90C}.Debug|Any CPU.Build.0 = Debug|Any CPU
		{27269678-CD2E-48DF-8A4C-765A2BFAD90C}.Release|Any CPU.ActiveCfg = Release|Any CPU
		{27269678-CD2E-48DF-8A4C-765A2BFAD90C}.Release|Any CPU.Build.0 = Release|Any CPU
		{D3917D1D-1359-4F54-9988-14117200639E}.Debug|Any CPU.ActiveCfg = Debug|Any CPU
		{D3917D1D-1359-4F54-9988-14117200639E}.Debug|Any CPU.Build.0 = Debug|Any CPU
		{D3917D1D-1359-4F54-9988-14117200639E}.Release|Any CPU.ActiveCfg = Release|Any CPU
		{D3917D1D-1359-4F54-9988-14117200639E}.Release|Any CPU.Build.0 = Release|Any CPU
		{6C303FED-B89D-4EB6-B443-72E5D1CCE9CD}.Debug|Any CPU.ActiveCfg = Debug|Any CPU
		{6C303FED-B89D-4EB6-B443-72E5D1CCE9CD}.Debug|Any CPU.Build.0 = Debug|Any CPU
		{6C303FED-B89D-4EB6-B443-72E5D1CCE9CD}.Release|Any CPU.ActiveCfg = Release|Any CPU
		{6C303FED-B89D-4EB6-B443-72E5D1CCE9CD}.Release|Any CPU.Build.0 = Release|Any CPU
	EndGlobalSection
	GlobalSection(SolutionProperties) = preSolution
		HideSolutionNode = FALSE
	EndGlobalSection
	GlobalSection(ExtensibilityGlobals) = postSolution
		SolutionGuid = {D40FADAD-9362-413D-97F5-FB12760AD4D9}
	EndGlobalSection
EndGlobal
